
Microsoft Visual Studio Solution File, Format Version 12.00
# Visual Studio Version 16
VisualStudioVersion = 16.0.35731.53
MinimumVisualStudioVersion = 10.0.40219.1
Project("{FAE04EC0-301F-11D3-BF4B-00C04F79EFBC}") = "jogodenumeros", "jogodenumeros.csproj", "{1C1DEDF9-30B2-45D5-A025-52A190F1DF9F}"
EndProject
Global
	GlobalSection(SolutionConfigurationPlatforms) = preSolution
		Debug|Any CPU = Debug|Any CPU
		Debug|x64 = Debug|x64
		Release|Any CPU = Release|Any CPU
		Release|x64 = Release|x64
	EndGlobalSection
	GlobalSection(ProjectConfigurationPlatforms) = postSolution
		{1C1DEDF9-30B2-45D5-A025-52A190F1DF9F}.Debug|Any CPU.ActiveCfg = Debug|Any CPU
		{1C1DEDF9-30B2-45D5-A025-52A190F1DF9F}.Debug|Any CPU.Build.0 = Debug|Any CPU
		{1C1DEDF9-30B2-45D5-A025-52A190F1DF9F}.Debug|x64.ActiveCfg = Debug|x64
		{1C1DEDF9-30B2-45D5-A025-52A190F1DF9F}.Debug|x64.Build.0 = Debug|x64
		{1C1DEDF9-30B2-45D5-A025-52A190F1DF9F}.Release|Any CPU.ActiveCfg = Release|Any CPU
		{1C1DEDF9-30B2-45D5-A025-52A190F1DF9F}.Release|Any CPU.Build.0 = Release|Any CPU
		{1C1DEDF9-30B2-45D5-A025-52A190F1DF9F}.Release|x64.ActiveCfg = Release|x64
		{1C1DEDF9-30B2-45D5-A025-52A190F1DF9F}.Release|x64.Build.0 = Release|x64
	EndGlobalSection
	GlobalSection(SolutionProperties) = preSolution
		HideSolutionNode = FALSE
	EndGlobalSection
	GlobalSection(ExtensibilityGlobals) = postSolution
		SolutionGuid = {1BFBCD90-3AF2-42C7-A210-76AD1BF54303}
	EndGlobalSection
EndGlobal
