
Microsoft Visual Studio Solution File, Format Version 12.00
# Visual Studio Version 16
VisualStudioVersion = 16.0.35731.53
MinimumVisualStudioVersion = 10.0.40219.1
Project("{FAE04EC0-301F-11D3-BF4B-00C04F79EFBC}") = "arrayuinidiemencional-vetor", "arrayuinidiemencional-vetor.csproj", "{7A29878F-2529-4FCF-B4C5-7B10F2AB4BE5}"
EndProject
Global
	GlobalSection(SolutionConfigurationPlatforms) = preSolution
		Debug|Any CPU = Debug|Any CPU
		Debug|x64 = Debug|x64
		Release|Any CPU = Release|Any CPU
		Release|x64 = Release|x64
	EndGlobalSection
	GlobalSection(ProjectConfigurationPlatforms) = postSolution
		{7A29878F-2529-4FCF-B4C5-7B10F2AB4BE5}.Debug|Any CPU.ActiveCfg = Debug|Any CPU
		{7A29878F-2529-4FCF-B4C5-7B10F2AB4BE5}.Debug|Any CPU.Build.0 = Debug|Any CPU
		{7A29878F-2529-4FCF-B4C5-7B10F2AB4BE5}.Debug|x64.ActiveCfg = Debug|x64
		{7A29878F-2529-4FCF-B4C5-7B10F2AB4BE5}.Debug|x64.Build.0 = Debug|x64
		{7A29878F-2529-4FCF-B4C5-7B10F2AB4BE5}.Release|Any CPU.ActiveCfg = Release|Any CPU
		{7A29878F-2529-4FCF-B4C5-7B10F2AB4BE5}.Release|Any CPU.Build.0 = Release|Any CPU
		{7A29878F-2529-4FCF-B4C5-7B10F2AB4BE5}.Release|x64.ActiveCfg = Release|x64
		{7A29878F-2529-4FCF-B4C5-7B10F2AB4BE5}.Release|x64.Build.0 = Release|x64
	EndGlobalSection
	GlobalSection(SolutionProperties) = preSolution
		HideSolutionNode = FALSE
	EndGlobalSection
	GlobalSection(ExtensibilityGlobals) = postSolution
		SolutionGuid = {611D1B84-1D17-4CE2-9C64-ABBD01EBFE94}
	EndGlobalSection
EndGlobal
